
Microsoft Visual Studio Solution File, Format Version 12.00
# Visual Studio Version 17
VisualStudioVersion = 17.8.34316.72
MinimumVisualStudioVersion = 10.0.40219.1
Project("{FAE04EC0-301F-11D3-BF4B-00C04F79EFBC}") = "firstScreen", "firstScreen\firstScreen.csproj", "{969AD87E-A278-4DC1-BBAF-9CF7905730E1}"
EndProject
Global
	GlobalSection(SolutionConfigurationPlatforms) = preSolution
		Debug|Any CPU = Debug|Any CPU
		Release|Any CPU = Release|Any CPU
	EndGlobalSection
	GlobalSection(ProjectConfigurationPlatforms) = postSolution
		{969AD87E-A278-4DC1-BBAF-9CF7905730E1}.Debug|Any CPU.ActiveCfg = Debug|Any CPU
		{969AD87E-A278-4DC1-BBAF-9CF7905730E1}.Debug|Any CPU.Build.0 = Debug|Any CPU
		{969AD87E-A278-4DC1-BBAF-9CF7905730E1}.Release|Any CPU.ActiveCfg = Release|Any CPU
		{969AD87E-A278-4DC1-BBAF-9CF7905730E1}.Release|Any CPU.Build.0 = Release|Any CPU
	EndGlobalSection
	GlobalSection(SolutionProperties) = preSolution
		HideSolutionNode = FALSE
	EndGlobalSection
	GlobalSection(ExtensibilityGlobals) = postSolution
		SolutionGuid = {91E21CE9-03A3-4569-A02E-5FCDA813FA62}
	EndGlobalSection
EndGlobal
